
Microsoft Visual Studio Solution File, Format Version 12.00
# Visual Studio Version 17
VisualStudioVersion = 17.5.33424.131
MinimumVisualStudioVersion = 10.0.40219.1
Project("{9A19103F-16F7-4668-BE54-9A1E7A4F7556}") = "PizzariaZe", "PizzariaZe\PizzariaZe.csproj", "{27E6647E-05C4-446F-8FD9-27A1187A35A6}"
EndProject
Project("{FAE04EC0-301F-11D3-BF4B-00C04F79EFBC}") = "PizzariaZeDao", "pizzaria_ze_models\PizzariaZeDao.csproj", "{D6AFE2F9-88EB-4EAC-B60D-60B84373C2DC}"
EndProject
Global
	GlobalSection(SolutionConfigurationPlatforms) = preSolution
		Debug|Any CPU = Debug|Any CPU
		Release|Any CPU = Release|Any CPU
	EndGlobalSection
	GlobalSection(ProjectConfigurationPlatforms) = postSolution
		{27E6647E-05C4-446F-8FD9-27A1187A35A6}.Debug|Any CPU.ActiveCfg = Debug|Any CPU
		{27E6647E-05C4-446F-8FD9-27A1187A35A6}.Debug|Any CPU.Build.0 = Debug|Any CPU
		{27E6647E-05C4-446F-8FD9-27A1187A35A6}.Release|Any CPU.ActiveCfg = Release|Any CPU
		{27E6647E-05C4-446F-8FD9-27A1187A35A6}.Release|Any CPU.Build.0 = Release|Any CPU
		{D6AFE2F9-88EB-4EAC-B60D-60B84373C2DC}.Debug|Any CPU.ActiveCfg = Debug|Any CPU
		{D6AFE2F9-88EB-4EAC-B60D-60B84373C2DC}.Debug|Any CPU.Build.0 = Debug|Any CPU
		{D6AFE2F9-88EB-4EAC-B60D-60B84373C2DC}.Release|Any CPU.ActiveCfg = Release|Any CPU
		{D6AFE2F9-88EB-4EAC-B60D-60B84373C2DC}.Release|Any CPU.Build.0 = Release|Any CPU
	EndGlobalSection
	GlobalSection(SolutionProperties) = preSolution
		HideSolutionNode = FALSE
	EndGlobalSection
	GlobalSection(ExtensibilityGlobals) = postSolution
		SolutionGuid = {0F1D0464-CB68-4DBA-8B87-B5ECF4D2D8A5}
	EndGlobalSection
EndGlobal
